// !$*UTF8*$!
{
	archiveVersion = 1;
	classes = {
	};
	objectVersion = 55;
	objects = {

/* Begin PBXBuildFile section */
		89B0C8B528A944D80051F5EA /* AppDelegate.swift in Sources */ = {isa = PBXBuildFile; fileRef = 89B0C8B428A944D80051F5EA /* AppDelegate.swift */; };
		89B0C8B728A944D80051F5EA /* SceneDelegate.swift in Sources */ = {isa = PBXBuildFile; fileRef = 89B0C8B628A944D80051F5EA /* SceneDelegate.swift */; };
		89B0C8B928A944D80051F5EA /* ViewController.swift in Sources */ = {isa = PBXBuildFile; fileRef = 89B0C8B828A944D80051F5EA /* ViewController.swift */; };
		89B0C8BC28A944D80051F5EA /* Main.storyboard in Resources */ = {isa = PBXBuildFile; fileRef = 89B0C8BA28A944D80051F5EA /* Main.storyboard */; };
		89B0C8BE28A944D90051F5EA /* Assets.xcassets in Resources */ = {isa = PBXBuildFile; fileRef = 89B0C8BD28A944D90051F5EA /* Assets.xcassets */; };
		89B0C8C128A944D90051F5EA /* LaunchScreen.storyboard in Resources */ = {isa = PBXBuildFile; fileRef = 89B0C8BF28A944D90051F5EA /* LaunchScreen.storyboard */; };
		89B46DB528AA6AC6009792BA /* MenuViewController.swift in Sources */ = {isa = PBXBuildFile; fileRef = 89B46DB428AA6AC6009792BA /* MenuViewController.swift */; };
		89B46DB728AA6ACE009792BA /* FavoriteViewController.swift in Sources */ = {isa = PBXBuildFile; fileRef = 89B46DB628AA6ACE009792BA /* FavoriteViewController.swift */; };
		89B46DB928AA6AD5009792BA /* OrderViewController.swift in Sources */ = {isa = PBXBuildFile; fileRef = 89B46DB828AA6AD5009792BA /* OrderViewController.swift */; };
		89B46DBB28AA6ADA009792BA /* MoreViewController.swift in Sources */ = {isa = PBXBuildFile; fileRef = 89B46DBA28AA6ADA009792BA /* MoreViewController.swift */; };
		89B46DBE28AA908D009792BA /* BannerCollectionViewCell.swift in Sources */ = {isa = PBXBuildFile; fileRef = 89B46DBD28AA908D009792BA /* BannerCollectionViewCell.swift */; };
		89DCA97628AE2E4700D12BEA /* MenuListViewController.swift in Sources */ = {isa = PBXBuildFile; fileRef = 89DCA97528AE2E4700D12BEA /* MenuListViewController.swift */; };
		89DCA97828AE311800D12BEA /* MenuListModel.swift in Sources */ = {isa = PBXBuildFile; fileRef = 89DCA97728AE311800D12BEA /* MenuListModel.swift */; };
		89DCA97B28AE3CFA00D12BEA /* MenuListTableViewCell.swift in Sources */ = {isa = PBXBuildFile; fileRef = 89DCA97A28AE3CFA00D12BEA /* MenuListTableViewCell.swift */; };
		89DCA97D28AE435A00D12BEA /* MenuDetailViewController.swift in Sources */ = {isa = PBXBuildFile; fileRef = 89DCA97C28AE435A00D12BEA /* MenuDetailViewController.swift */; };
		89ED0F7628ADA1950071E2D4 /* MenuCell.swift in Sources */ = {isa = PBXBuildFile; fileRef = 89ED0F7528ADA1950071E2D4 /* MenuCell.swift */; };
		89ED0F7928ADA8420071E2D4 /* MenuModel.swift in Sources */ = {isa = PBXBuildFile; fileRef = 89ED0F7828ADA8420071E2D4 /* MenuModel.swift */; };
/* End PBXBuildFile section */

/* Begin PBXFileReference section */
		89B0C8B128A944D80051F5EA /* Week2.app */ = {isa = PBXFileReference; explicitFileType = wrapper.application; includeInIndex = 0; path = Week2.app; sourceTree = BUILT_PRODUCTS_DIR; };
		89B0C8B428A944D80051F5EA /* AppDelegate.swift */ = {isa = PBXFileReference; lastKnownFileType = sourcecode.swift; path = AppDelegate.swift; sourceTree = "<group>"; };
		89B0C8B628A944D80051F5EA /* SceneDelegate.swift */ = {isa = PBXFileReference; lastKnownFileType = sourcecode.swift; path = SceneDelegate.swift; sourceTree = "<group>"; };
		89B0C8B828A944D80051F5EA /* ViewController.swift */ = {isa = PBXFileReference; lastKnownFileType = sourcecode.swift; path = ViewController.swift; sourceTree = "<group>"; };
		89B0C8BB28A944D80051F5EA /* Base */ = {isa = PBXFileReference; lastKnownFileType = file.storyboard; name = Base; path = Base.lproj/Main.storyboard; sourceTree = "<group>"; };
		89B0C8BD28A944D90051F5EA /* Assets.xcassets */ = {isa = PBXFileReference; lastKnownFileType = folder.assetcatalog; path = Assets.xcassets; sourceTree = "<group>"; };
		89B0C8C028A944D90051F5EA /* Base */ = {isa = PBXFileReference; lastKnownFileType = file.storyboard; name = Base; path = Base.lproj/LaunchScreen.storyboard; sourceTree = "<group>"; };
		89B0C8C228A944D90051F5EA /* Info.plist */ = {isa = PBXFileReference; lastKnownFileType = text.plist.xml; path = Info.plist; sourceTree = "<group>"; };
		89B46DB428AA6AC6009792BA /* MenuViewController.swift */ = {isa = PBXFileReference; lastKnownFileType = sourcecode.swift; path = MenuViewController.swift; sourceTree = "<group>"; };
		89B46DB628AA6ACE009792BA /* FavoriteViewController.swift */ = {isa = PBXFileReference; lastKnownFileType = sourcecode.swift; path = FavoriteViewController.swift; sourceTree = "<group>"; };
		89B46DB828AA6AD5009792BA /* OrderViewController.swift */ = {isa = PBXFileReference; lastKnownFileType = sourcecode.swift; path = OrderViewController.swift; sourceTree = "<group>"; };
		89B46DBA28AA6ADA009792BA /* MoreViewController.swift */ = {isa = PBXFileReference; lastKnownFileType = sourcecode.swift; path = MoreViewController.swift; sourceTree = "<group>"; };
		89B46DBD28AA908D009792BA /* BannerCollectionViewCell.swift */ = {isa = PBXFileReference; lastKnownFileType = sourcecode.swift; path = BannerCollectionViewCell.swift; sourceTree = "<group>"; };
		89DCA97528AE2E4700D12BEA /* MenuListViewController.swift */ = {isa = PBXFileReference; lastKnownFileType = sourcecode.swift; path = MenuListViewController.swift; sourceTree = "<group>"; };
		89DCA97728AE311800D12BEA /* MenuListModel.swift */ = {isa = PBXFileReference; lastKnownFileType = sourcecode.swift; path = MenuListModel.swift; sourceTree = "<group>"; };
		89DCA97A28AE3CFA00D12BEA /* MenuListTableViewCell.swift */ = {isa = PBXFileReference; lastKnownFileType = sourcecode.swift; path = MenuListTableViewCell.swift; sourceTree = "<group>"; };
		89DCA97C28AE435A00D12BEA /* MenuDetailViewController.swift */ = {isa = PBXFileReference; lastKnownFileType = sourcecode.swift; path = MenuDetailViewController.swift; sourceTree = "<group>"; };
		89ED0F7528ADA1950071E2D4 /* MenuCell.swift */ = {isa = PBXFileReference; lastKnownFileType = sourcecode.swift; path = MenuCell.swift; sourceTree = "<group>"; };
		89ED0F7828ADA8420071E2D4 /* MenuModel.swift */ = {isa = PBXFileReference; lastKnownFileType = sourcecode.swift; path = MenuModel.swift; sourceTree = "<group>"; };
/* End PBXFileReference section */

/* Begin PBXFrameworksBuildPhase section */
		89B0C8AE28A944D80051F5EA /* Frameworks */ = {
			isa = PBXFrameworksBuildPhase;
			buildActionMask = 2147483647;
			files = (
			);
			runOnlyForDeploymentPostprocessing = 0;
		};
/* End PBXFrameworksBuildPhase section */

/* Begin PBXGroup section */
		89B0C8A828A944D80051F5EA = {
			isa = PBXGroup;
			children = (
				89B0C8B328A944D80051F5EA /* Week2 */,
				89B0C8B228A944D80051F5EA /* Products */,
			);
			sourceTree = "<group>";
		};
		89B0C8B228A944D80051F5EA /* Products */ = {
			isa = PBXGroup;
			children = (
				89B0C8B128A944D80051F5EA /* Week2.app */,
			);
			name = Products;
			sourceTree = "<group>";
		};
		89B0C8B328A944D80051F5EA /* Week2 */ = {
			isa = PBXGroup;
			children = (
				89ED0F7728ADA81F0071E2D4 /* Model */,
				89B46DBC28AA907B009792BA /* View */,
				89ED0F7428AD32160071E2D4 /* Controller */,
				89B0C8B428A944D80051F5EA /* AppDelegate.swift */,
				89B0C8B628A944D80051F5EA /* SceneDelegate.swift */,
				89B0C8BA28A944D80051F5EA /* Main.storyboard */,
				89B0C8BD28A944D90051F5EA /* Assets.xcassets */,
				89B0C8BF28A944D90051F5EA /* LaunchScreen.storyboard */,
				89B0C8C228A944D90051F5EA /* Info.plist */,
			);
			path = Week2;
			sourceTree = "<group>";
		};
		89B46DBC28AA907B009792BA /* View */ = {
			isa = PBXGroup;
			children = (
				89DCA97928AE3CE200D12BEA /* Menu */,
				89B46DBD28AA908D009792BA /* BannerCollectionViewCell.swift */,
			);
			path = View;
			sourceTree = "<group>";
		};
		89DCA97428AE2E2F00D12BEA /* Menu */ = {
			isa = PBXGroup;
			children = (
				89B46DB428AA6AC6009792BA /* MenuViewController.swift */,
				89DCA97528AE2E4700D12BEA /* MenuListViewController.swift */,
				89DCA97C28AE435A00D12BEA /* MenuDetailViewController.swift */,
			);
			path = Menu;
			sourceTree = "<group>";
		};
		89DCA97928AE3CE200D12BEA /* Menu */ = {
			isa = PBXGroup;
			children = (
				89ED0F7528ADA1950071E2D4 /* MenuCell.swift */,
				89DCA97A28AE3CFA00D12BEA /* MenuListTableViewCell.swift */,
			);
			path = Menu;
			sourceTree = "<group>";
		};
		89ED0F7428AD32160071E2D4 /* Controller */ = {
			isa = PBXGroup;
			children = (
				89DCA97428AE2E2F00D12BEA /* Menu */,
				89B0C8B828A944D80051F5EA /* ViewController.swift */,
				89B46DB628AA6ACE009792BA /* FavoriteViewController.swift */,
				89B46DB828AA6AD5009792BA /* OrderViewController.swift */,
				89B46DBA28AA6ADA009792BA /* MoreViewController.swift */,
			);
			path = Controller;
			sourceTree = "<group>";
		};
		89ED0F7728ADA81F0071E2D4 /* Model */ = {
			isa = PBXGroup;
			children = (
				89ED0F7828ADA8420071E2D4 /* MenuModel.swift */,
				89DCA97728AE311800D12BEA /* MenuListModel.swift */,
			);
			path = Model;
			sourceTree = "<group>";
		};
/* End PBXGroup section */

/* Begin PBXNativeTarget section */
		89B0C8B028A944D80051F5EA /* Week2 */ = {
			isa = PBXNativeTarget;
			buildConfigurationList = 89B0C8C528A944D90051F5EA /* Build configuration list for PBXNativeTarget "Week2" */;
			buildPhases = (
				89B0C8AD28A944D80051F5EA /* Sources */,
				89B0C8AE28A944D80051F5EA /* Frameworks */,
				89B0C8AF28A944D80051F5EA /* Resources */,
			);
			buildRules = (
			);
			dependencies = (
			);
			name = Week2;
			productName = Week2;
			productReference = 89B0C8B128A944D80051F5EA /* Week2.app */;
			productType = "com.apple.product-type.application";
		};
/* End PBXNativeTarget section */

/* Begin PBXProject section */
		89B0C8A928A944D80051F5EA /* Project object */ = {
			isa = PBXProject;
			attributes = {
				BuildIndependentTargetsInParallel = 1;
				LastSwiftUpdateCheck = 1330;
				LastUpgradeCheck = 1330;
				TargetAttributes = {
					89B0C8B028A944D80051F5EA = {
						CreatedOnToolsVersion = 13.3.1;
					};
				};
			};
			buildConfigurationList = 89B0C8AC28A944D80051F5EA /* Build configuration list for PBXProject "Week2" */;
			compatibilityVersion = "Xcode 13.0";
			developmentRegion = en;
			hasScannedForEncodings = 0;
			knownRegions = (
				en,
				Base,
			);
			mainGroup = 89B0C8A828A944D80051F5EA;
			productRefGroup = 89B0C8B228A944D80051F5EA /* Products */;
			projectDirPath = "";
			projectRoot = "";
			targets = (
				89B0C8B028A944D80051F5EA /* Week2 */,
			);
		};
/* End PBXProject section */

/* Begin PBXResourcesBuildPhase section */
		89B0C8AF28A944D80051F5EA /* Resources */ = {
			isa = PBXResourcesBuildPhase;
			buildActionMask = 2147483647;
			files = (
				89B0C8C128A944D90051F5EA /* LaunchScreen.storyboard in Resources */,
				89B0C8BE28A944D90051F5EA /* Assets.xcassets in Resources */,
				89B0C8BC28A944D80051F5EA /* Main.storyboard in Resources */,
			);
			runOnlyForDeploymentPostprocessing = 0;
		};
/* End PBXResourcesBuildPhase section */

/* Begin PBXSourcesBuildPhase section */
		89B0C8AD28A944D80051F5EA /* Sources */ = {
			isa = PBXSourcesBuildPhase;
			buildActionMask = 2147483647;
			files = (
				89B46DBB28AA6ADA009792BA /* MoreViewController.swift in Sources */,
				89B0C8B928A944D80051F5EA /* ViewController.swift in Sources */,
				89ED0F7928ADA8420071E2D4 /* MenuModel.swift in Sources */,
				89ED0F7628ADA1950071E2D4 /* MenuCell.swift in Sources */,
				89B0C8B528A944D80051F5EA /* AppDelegate.swift in Sources */,
				89DCA97628AE2E4700D12BEA /* MenuListViewController.swift in Sources */,
				89B0C8B728A944D80051F5EA /* SceneDelegate.swift in Sources */,
				89B46DB528AA6AC6009792BA /* MenuViewController.swift in Sources */,
				89DCA97828AE311800D12BEA /* MenuListModel.swift in Sources */,
				89DCA97B28AE3CFA00D12BEA /* MenuListTableViewCell.swift in Sources */,
				89B46DB728AA6ACE009792BA /* FavoriteViewController.swift in Sources */,
				89B46DBE28AA908D009792BA /* BannerCollectionViewCell.swift in Sources */,
				89DCA97D28AE435A00D12BEA /* MenuDetailViewController.swift in Sources */,
				89B46DB928AA6AD5009792BA /* OrderViewController.swift in Sources */,
			);
			runOnlyForDeploymentPostprocessing = 0;
		};
/* End PBXSourcesBuildPhase section */

/* Begin PBXVariantGroup section */
		89B0C8BA28A944D80051F5EA /* Main.storyboard */ = {
			isa = PBXVariantGroup;
			children = (
				89B0C8BB28A944D80051F5EA /* Base */,
			);
			name = Main.storyboard;
			sourceTree = "<group>";
		};
		89B0C8BF28A944D90051F5EA /* LaunchScreen.storyboard */ = {
			isa = PBXVariantGroup;
			children = (
				89B0C8C028A944D90051F5EA /* Base */,
			);
			name = LaunchScreen.storyboard;
			sourceTree = "<group>";
		};
/* End PBXVariantGroup section */

/* Begin XCBuildConfiguration section */
		89B0C8C328A944D90051F5EA /* Debug */ = {
			isa = XCBuildConfiguration;
			buildSettings = {
				ALWAYS_SEARCH_USER_PATHS = NO;
				CLANG_ANALYZER_NONNULL = YES;
				CLANG_ANALYZER_NUMBER_OBJECT_CONVERSION = YES_AGGRESSIVE;
				CLANG_CXX_LANGUAGE_STANDARD = "gnu++17";
				CLANG_ENABLE_MODULES = YES;
				CLANG_ENABLE_OBJC_ARC = YES;
				CLANG_ENABLE_OBJC_WEAK = YES;
				CLANG_WARN_BLOCK_CAPTURE_AUTORELEASING = YES;
				CLANG_WARN_BOOL_CONVERSION = YES;
				CLANG_WARN_COMMA = YES;
				CLANG_WARN_CONSTANT_CONVERSION = YES;
				CLANG_WARN_DEPRECATED_OBJC_IMPLEMENTATIONS = YES;
				CLANG_WARN_DIRECT_OBJC_ISA_USAGE = YES_ERROR;
				CLANG_WARN_DOCUMENTATION_COMMENTS = YES;
				CLANG_WARN_EMPTY_BODY = YES;
				CLANG_WARN_ENUM_CONVERSION = YES;
				CLANG_WARN_INFINITE_RECURSION = YES;
				CLANG_WARN_INT_CONVERSION = YES;
				CLANG_WARN_NON_LITERAL_NULL_CONVERSION = YES;
				CLANG_WARN_OBJC_IMPLICIT_RETAIN_SELF = YES;
				CLANG_WARN_OBJC_LITERAL_CONVERSION = YES;
				CLANG_WARN_OBJC_ROOT_CLASS = YES_ERROR;
				CLANG_WARN_QUOTED_INCLUDE_IN_FRAMEWORK_HEADER = YES;
				CLANG_WARN_RANGE_LOOP_ANALYSIS = YES;
				CLANG_WARN_STRICT_PROTOTYPES = YES;
				CLANG_WARN_SUSPICIOUS_MOVE = YES;
				CLANG_WARN_UNGUARDED_AVAILABILITY = YES_AGGRESSIVE;
				CLANG_WARN_UNREACHABLE_CODE = YES;
				CLANG_WARN__DUPLICATE_METHOD_MATCH = YES;
				COPY_PHASE_STRIP = NO;
				DEBUG_INFORMATION_FORMAT = dwarf;
				ENABLE_STRICT_OBJC_MSGSEND = YES;
				ENABLE_TESTABILITY = YES;
				GCC_C_LANGUAGE_STANDARD = gnu11;
				GCC_DYNAMIC_NO_PIC = NO;
				GCC_NO_COMMON_BLOCKS = YES;
				GCC_OPTIMIZATION_LEVEL = 0;
				GCC_PREPROCESSOR_DEFINITIONS = (
					"DEBUG=1",
					"$(inherited)",
				);
				GCC_WARN_64_TO_32_BIT_CONVERSION = YES;
				GCC_WARN_ABOUT_RETURN_TYPE = YES_ERROR;
				GCC_WARN_UNDECLARED_SELECTOR = YES;
				GCC_WARN_UNINITIALIZED_AUTOS = YES_AGGRESSIVE;
				GCC_WARN_UNUSED_FUNCTION = YES;
				GCC_WARN_UNUSED_VARIABLE = YES;
				IPHONEOS_DEPLOYMENT_TARGET = 15.4;
				MTL_ENABLE_DEBUG_INFO = INCLUDE_SOURCE;
				MTL_FAST_MATH = YES;
				ONLY_ACTIVE_ARCH = YES;
				SDKROOT = iphoneos;
				SWIFT_ACTIVE_COMPILATION_CONDITIONS = DEBUG;
				SWIFT_OPTIMIZATION_LEVEL = "-Onone";
			};
			name = Debug;
		};
		89B0C8C428A944D90051F5EA /* Release */ = {
			isa = XCBuildConfiguration;
			buildSettings = {
				ALWAYS_SEARCH_USER_PATHS = NO;
				CLANG_ANALYZER_NONNULL = YES;
				CLANG_ANALYZER_NUMBER_OBJECT_CONVERSION = YES_AGGRESSIVE;
				CLANG_CXX_LANGUAGE_STANDARD = "gnu++17";
				CLANG_ENABLE_MODULES = YES;
				CLANG_ENABLE_OBJC_ARC = YES;
				CLANG_ENABLE_OBJC_WEAK = YES;
				CLANG_WARN_BLOCK_CAPTURE_AUTORELEASING = YES;
				CLANG_WARN_BOOL_CONVERSION = YES;
				CLANG_WARN_COMMA = YES;
				CLANG_WARN_CONSTANT_CONVERSION = YES;
				CLANG_WARN_DEPRECATED_OBJC_IMPLEMENTATIONS = YES;
				CLANG_WARN_DIRECT_OBJC_ISA_USAGE = YES_ERROR;
				CLANG_WARN_DOCUMENTATION_COMMENTS = YES;
				CLANG_WARN_EMPTY_BODY = YES;
				CLANG_WARN_ENUM_CONVERSION = YES;
				CLANG_WARN_INFINITE_RECURSION = YES;
				CLANG_WARN_INT_CONVERSION = YES;
				CLANG_WARN_NON_LITERAL_NULL_CONVERSION = YES;
				CLANG_WARN_OBJC_IMPLICIT_RETAIN_SELF = YES;
				CLANG_WARN_OBJC_LITERAL_CONVERSION = YES;
				CLANG_WARN_OBJC_ROOT_CLASS = YES_ERROR;
				CLANG_WARN_QUOTED_INCLUDE_IN_FRAMEWORK_HEADER = YES;
				CLANG_WARN_RANGE_LOOP_ANALYSIS = YES;
				CLANG_WARN_STRICT_PROTOTYPES = YES;
				CLANG_WARN_SUSPICIOUS_MOVE = YES;
				CLANG_WARN_UNGUARDED_AVAILABILITY = YES_AGGRESSIVE;
				CLANG_WARN_UNREACHABLE_CODE = YES;
				CLANG_WARN__DUPLICATE_METHOD_MATCH = YES;
				COPY_PHASE_STRIP = NO;
				DEBUG_INFORMATION_FORMAT = "dwarf-with-dsym";
				ENABLE_NS_ASSERTIONS = NO;
				ENABLE_STRICT_OBJC_MSGSEND = YES;
				GCC_C_LANGUAGE_STANDARD = gnu11;
				GCC_NO_COMMON_BLOCKS = YES;
				GCC_WARN_64_TO_32_BIT_CONVERSION = YES;
				GCC_WARN_ABOUT_RETURN_TYPE = YES_ERROR;
				GCC_WARN_UNDECLARED_SELECTOR = YES;
				GCC_WARN_UNINITIALIZED_AUTOS = YES_AGGRESSIVE;
				GCC_WARN_UNUSED_FUNCTION = YES;
				GCC_WARN_UNUSED_VARIABLE = YES;
				IPHONEOS_DEPLOYMENT_TARGET = 15.4;
				MTL_ENABLE_DEBUG_INFO = NO;
				MTL_FAST_MATH = YES;
				SDKROOT = iphoneos;
				SWIFT_COMPILATION_MODE = wholemodule;
				SWIFT_OPTIMIZATION_LEVEL = "-O";
				VALIDATE_PRODUCT = YES;
			};
			name = Release;
		};
		89B0C8C628A944D90051F5EA /* Debug */ = {
			isa = XCBuildConfiguration;
			buildSettings = {
				ASSETCATALOG_COMPILER_APPICON_NAME = AppIcon;
				ASSETCATALOG_COMPILER_GLOBAL_ACCENT_COLOR_NAME = AccentColor;
				CODE_SIGN_STYLE = Automatic;
				CURRENT_PROJECT_VERSION = 1;
				DEVELOPMENT_TEAM = 3FP9A2A7KZ;
				GENERATE_INFOPLIST_FILE = YES;
				INFOPLIST_FILE = Week2/Info.plist;
				INFOPLIST_KEY_UIApplicationSupportsIndirectInputEvents = YES;
				INFOPLIST_KEY_UILaunchStoryboardName = LaunchScreen;
				INFOPLIST_KEY_UIMainStoryboardFile = Main;
				INFOPLIST_KEY_UISupportedInterfaceOrientations_iPad = "UIInterfaceOrientationPortrait UIInterfaceOrientationPortraitUpsideDown UIInterfaceOrientationLandscapeLeft UIInterfaceOrientationLandscapeRight";
				INFOPLIST_KEY_UISupportedInterfaceOrientations_iPhone = "UIInterfaceOrientationPortrait UIInterfaceOrientationLandscapeLeft UIInterfaceOrientationLandscapeRight";
				LD_RUNPATH_SEARCH_PATHS = (
					"$(inherited)",
					"@executable_path/Frameworks",
				);
				MARKETING_VERSION = 1.0;
				PRODUCT_BUNDLE_IDENTIFIER = "seoyoung-lee.Week2";
				PRODUCT_NAME = "$(TARGET_NAME)";
				SWIFT_EMIT_LOC_STRINGS = YES;
				SWIFT_VERSION = 5.0;
				TARGETED_DEVICE_FAMILY = "1,2";
			};
			name = Debug;
		};
		89B0C8C728A944D90051F5EA /* Release */ = {
			isa = XCBuildConfiguration;
			buildSettings = {
				ASSETCATALOG_COMPILER_APPICON_NAME = AppIcon;
				ASSETCATALOG_COMPILER_GLOBAL_ACCENT_COLOR_NAME = AccentColor;
				CODE_SIGN_STYLE = Automatic;
				CURRENT_PROJECT_VERSION = 1;
				DEVELOPMENT_TEAM = 3FP9A2A7KZ;
				GENERATE_INFOPLIST_FILE = YES;
				INFOPLIST_FILE = Week2/Info.plist;
				INFOPLIST_KEY_UIApplicationSupportsIndirectInputEvents = YES;
				INFOPLIST_KEY_UILaunchStoryboardName = LaunchScreen;
				INFOPLIST_KEY_UIMainStoryboardFile = Main;
				INFOPLIST_KEY_UISupportedInterfaceOrientations_iPad = "UIInterfaceOrientationPortrait UIInterfaceOrientationPortraitUpsideDown UIInterfaceOrientationLandscapeLeft UIInterfaceOrientationLandscapeRight";
				INFOPLIST_KEY_UISupportedInterfaceOrientations_iPhone = "UIInterfaceOrientationPortrait UIInterfaceOrientationLandscapeLeft UIInterfaceOrientationLandscapeRight";
				LD_RUNPATH_SEARCH_PATHS = (
					"$(inherited)",
					"@executable_path/Frameworks",
				);
				MARKETING_VERSION = 1.0;
				PRODUCT_BUNDLE_IDENTIFIER = "seoyoung-lee.Week2";
				PRODUCT_NAME = "$(TARGET_NAME)";
				SWIFT_EMIT_LOC_STRINGS = YES;
				SWIFT_VERSION = 5.0;
				TARGETED_DEVICE_FAMILY = "1,2";
			};
			name = Release;
		};
/* End XCBuildConfiguration section */

/* Begin XCConfigurationList section */
		89B0C8AC28A944D80051F5EA /* Build configuration list for PBXProject "Week2" */ = {
			isa = XCConfigurationList;
			buildConfigurations = (
				89B0C8C328A944D90051F5EA /* Debug */,
				89B0C8C428A944D90051F5EA /* Release */,
			);
			defaultConfigurationIsVisible = 0;
			defaultConfigurationName = Release;
		};
		89B0C8C528A944D90051F5EA /* Build configuration list for PBXNativeTarget "Week2" */ = {
			isa = XCConfigurationList;
			buildConfigurations = (
				89B0C8C628A944D90051F5EA /* Debug */,
				89B0C8C728A944D90051F5EA /* Release */,
			);
			defaultConfigurationIsVisible = 0;
			defaultConfigurationName = Release;
		};
/* End XCConfigurationList section */
	};
	rootObject = 89B0C8A928A944D80051F5EA /* Project object */;
}
